[root]
name = "hash_set"
version = "0.1.0"
dependencies = [
 "collection_traits 0.1.0 (git+https://github.com/nathanfaucett/rs-collection_traits)",
 "hash_map 0.1.0 (git+https://github.com/nathanfaucett/rs-hash_map)",
]

[[package]]
name = "collection_traits"
version = "0.1.0"
source = "git+https://github.com/nathanfaucett/rs-collection_traits#c7e3730fd3d6ed3ce5df1a25486cf0b051025ca6"

[[package]]
name = "hash_map"
version = "0.1.0"
source = "git+https://github.com/nathanfaucett/rs-hash_map#cec32dc98c0814256c722ce16c7996e85284fa2a"
dependencies = [
 "collection_traits 0.1.0 (git+https://github.com/nathanfaucett/rs-collection_traits)",
 "prng 0.1.0 (git+https://github.com/nathanfaucett/rs-prng)",
 "rng 0.1.0 (git+https://github.com/nathanfaucett/rs-rng)",
]

[[package]]
name = "prng"
version = "0.1.0"
source = "git+https://github.com/nathanfaucett/rs-prng#ce17641082164b5b1567de0560576a2af3e28485"
dependencies = [
 "rng 0.1.0 (git+https://github.com/nathanfaucett/rs-rng)",
]

[[package]]
name = "rng"
version = "0.1.0"
source = "git+https://github.com/nathanfaucett/rs-rng#356735ea3ff6ab7aecd5d77e66a91f4c68914c3c"

[metadata]
"checksum collection_traits 0.1.0 (git+https://github.com/nathanfaucett/rs-collection_traits)" = "<none>"
"checksum hash_map 0.1.0 (git+https://github.com/nathanfaucett/rs-hash_map)" = "<none>"
"checksum prng 0.1.0 (git+https://github.com/nathanfaucett/rs-prng)" = "<none>"
"checksum rng 0.1.0 (git+https://github.com/nathanfaucett/rs-rng)" = "<none>"
